
Microsoft Visual Studio Solution File, Format Version 12.00
# Visual Studio Version 17
VisualStudioVersion = 17.9.34622.214
MinimumVisualStudioVersion = 10.0.40219.1
Project("{FAE04EC0-301F-11D3-BF4B-00C04F79EFBC}") = "InheritanceChallenge2", "InheritanceChallenge2\InheritanceChallenge2.csproj", "{5A64F246-9FE9-4A65-8CE3-0CD3F609E215}"
EndProject
Global
	GlobalSection(SolutionConfigurationPlatforms) = preSolution
		Debug|Any CPU = Debug|Any CPU
		Release|Any CPU = Release|Any CPU
	EndGlobalSection
	GlobalSection(ProjectConfigurationPlatforms) = postSolution
		{5A64F246-9FE9-4A65-8CE3-0CD3F609E215}.Debug|Any CPU.ActiveCfg = Debug|Any CPU
		{5A64F246-9FE9-4A65-8CE3-0CD3F609E215}.Debug|Any CPU.Build.0 = Debug|Any CPU
		{5A64F246-9FE9-4A65-8CE3-0CD3F609E215}.Release|Any CPU.ActiveCfg = Release|Any CPU
		{5A64F246-9FE9-4A65-8CE3-0CD3F609E215}.Release|Any CPU.Build.0 = Release|Any CPU
	EndGlobalSection
	GlobalSection(SolutionProperties) = preSolution
		HideSolutionNode = FALSE
	EndGlobalSection
	GlobalSection(ExtensibilityGlobals) = postSolution
		SolutionGuid = {A0763028-8A68-466A-975E-DA46487965AB}
	EndGlobalSection
EndGlobal
