
Microsoft Visual Studio Solution File, Format Version 12.00
# Visual Studio Version 17
VisualStudioVersion = 17.8.34511.84
MinimumVisualStudioVersion = 10.0.40219.1
Project("{FAE04EC0-301F-11D3-BF4B-00C04F79EFBC}") = "ChallengeString2", "ChallengeString2\ChallengeString2.csproj", "{7EE27A4E-7D82-4491-A9BE-D8D8CD8F6F57}"
EndProject
Global
	GlobalSection(SolutionConfigurationPlatforms) = preSolution
		Debug|Any CPU = Debug|Any CPU
		Release|Any CPU = Release|Any CPU
	EndGlobalSection
	GlobalSection(ProjectConfigurationPlatforms) = postSolution
		{7EE27A4E-7D82-4491-A9BE-D8D8CD8F6F57}.Debug|Any CPU.ActiveCfg = Debug|Any CPU
		{7EE27A4E-7D82-4491-A9BE-D8D8CD8F6F57}.Debug|Any CPU.Build.0 = Debug|Any CPU
		{7EE27A4E-7D82-4491-A9BE-D8D8CD8F6F57}.Release|Any CPU.ActiveCfg = Release|Any CPU
		{7EE27A4E-7D82-4491-A9BE-D8D8CD8F6F57}.Release|Any CPU.Build.0 = Release|Any CPU
	EndGlobalSection
	GlobalSection(SolutionProperties) = preSolution
		HideSolutionNode = FALSE
	EndGlobalSection
	GlobalSection(ExtensibilityGlobals) = postSolution
		SolutionGuid = {36FFC6D7-50B9-4D2C-9DC1-5117F8418A93}
	EndGlobalSection
EndGlobal
